{
  "name": "home",
  "lockfileVersion": 3,
  "requires": true,
  "packages": {
    "": {
      "dependencies": {
        "@material/web": "^1.0.1"
      }
    },
    "node_modules/@lit-labs/ssr-dom-shim": {
      "version": "1.1.2",
      "resolved": "https://registry.npmjs.org/@lit-labs/ssr-dom-shim/-/ssr-dom-shim-1.1.2.tgz",
      "integrity": "sha512-jnOD+/+dSrfTWYfSXBXlo5l5f0q1UuJo3tkbMDCYA2lKUYq79jaxqtGEvnRoh049nt1vdo1+45RinipU6FGY2g=="
    },
    "node_modules/@lit/reactive-element": {
      "version": "2.0.1",
      "resolved": "https://registry.npmjs.org/@lit/reactive-element/-/reactive-element-2.0.1.tgz",
      "integrity": "sha512-eu50SQXHRthFwWJMp0oAFg95Rvm6MTPjxSXWuvAu7It90WVFLFpNBoIno7XOXSDvVgTrtKnUV4OLJqys2Svn4g==",
      "dependencies": {
        "@lit-labs/ssr-dom-shim": "^1.1.2"
      }
    },
    "node_modules/@material/web": {
      "version": "1.0.1",
      "resolved": "https://registry.npmjs.org/@material/web/-/web-1.0.1.tgz",
      "integrity": "sha512-AilQTWdp+lgPzoUGNj/CyrMsULLdzhHiiYs6XXSIpX/t/eGQkiPP4CAwvjqANuV+YZC0hLIo+s64BIgZo8Ghkw==",
      "dependencies": {
        "lit": "^2.7.4 || ^3.0.0",
        "tslib": "^2.4.0"
      }
    },
    "node_modules/@types/trusted-types": {
      "version": "2.0.6",
      "resolved": "https://registry.npmjs.org/@types/trusted-types/-/trusted-types-2.0.6.tgz",
      "integrity": "sha512-HYtNooPvUY9WAVRBr4u+4Qa9fYD1ze2IUlAD3HoA6oehn1taGwBx3Oa52U4mTslTS+GAExKpaFu39Y5xUEwfjg=="
    },
    "node_modules/lit": {
      "version": "3.0.2",
      "resolved": "https://registry.npmjs.org/lit/-/lit-3.0.2.tgz",
      "integrity": "sha512-ZoVUPGgXOQocP4OvxehEOBmC4rWB4cRYDPaz7aFmH8DFytsCi/NeACbr4C6vNPGDEC07BrhUos7uVNayDKLQ2Q==",
      "dependencies": {
        "@lit/reactive-element": "^2.0.0",
        "lit-element": "^4.0.0",
        "lit-html": "^3.0.0"
      }
    },
    "node_modules/lit-element": {
      "version": "4.0.1",
      "resolved": "https://registry.npmjs.org/lit-element/-/lit-element-4.0.1.tgz",
      "integrity": "sha512-OxRMJem4HKZt0320HplLkBPoi4KHiEHoPHKd8Lzf07ZQVAOKIjZ32yPLRKRDEolFU1RgrQBfSHQMoxKZ72V3Kw==",
      "dependencies": {
        "@lit-labs/ssr-dom-shim": "^1.1.2",
        "@lit/reactive-element": "^2.0.0",
        "lit-html": "^3.0.0"
      }
    },
    "node_modules/lit-html": {
      "version": "3.0.2",
      "resolved": "https://registry.npmjs.org/lit-html/-/lit-html-3.0.2.tgz",
      "integrity": "sha512-Q1A5lHza3bnmxoWJn6yS6vQZQdExl4fghk8W1G+jnAEdoFNYo5oeBBb/Ol7zSEdKd3TR7+r0zsJQyuWEVguiyQ==",
      "dependencies": {
        "@types/trusted-types": "^2.0.2"
      }
    },
    "node_modules/tslib": {
      "version": "2.6.2",
      "resolved": "https://registry.npmjs.org/tslib/-/tslib-2.6.2.tgz",
      "integrity": "sha512-AEYxH93jGFPn/a2iVAwW87VuUIkR1FVUKB77NwMF7nBTDkDrrT/Hpt/IrCJ0QXhW27jTBDcf5ZY7w6RiqTMw2Q=="
    }
  }
}
